{
  "pins" : [
    {
      "identity" : "coregraphicsextensions",
      "kind" : "remoteSourceControl",
      "location" : "https://github.com/heestand-xyz/CoreGraphicsExtensions",
      "state" : {
        "revision" : "a64b26e06b6f95fd0bc04cdd97d1466d6167634a",
        "version" : "2.0.1"
      }
    }
  ],
  "version" : 2
}
