{
  "pins" : [
    {
      "identity" : "coregraphicsextensions",
      "kind" : "remoteSourceControl",
      "location" : "https://github.com/heestand-xyz/CoreGraphicsExtensions",
      "state" : {
        "revision" : "a95735b2522f6e2ba9ab8a59fbf742e1723212ed",
        "version" : "2.0.0"
      }
    }
  ],
  "version" : 2
}
